
Microsoft Visual Studio Solution File, Format Version 12.00
# Visual Studio 15
VisualStudioVersion = 15.0.27130.2027
MinimumVisualStudioVersion = 10.0.40219.1
Project("{FAE04EC0-301F-11D3-BF4B-00C04F79EFBC}") = "ObjDoctor", "ObjScaler\ObjDoctor.csproj", "{64C78993-F0CC-4469-9A48-8F78E1A834D9}"
EndProject
Global
	GlobalSection(SolutionConfigurationPlatforms) = preSolution
		Debug|Any CPU = Debug|Any CPU
		Release|Any CPU = Release|Any CPU
	EndGlobalSection
	GlobalSection(ProjectConfigurationPlatforms) = postSolution
		{64C78993-F0CC-4469-9A48-8F78E1A834D9}.Debug|Any CPU.ActiveCfg = Debug|Any CPU
		{64C78993-F0CC-4469-9A48-8F78E1A834D9}.Debug|Any CPU.Build.0 = Debug|Any CPU
		{64C78993-F0CC-4469-9A48-8F78E1A834D9}.Release|Any CPU.ActiveCfg = Release|Any CPU
		{64C78993-F0CC-4469-9A48-8F78E1A834D9}.Release|Any CPU.Build.0 = Release|Any CPU
	EndGlobalSection
	GlobalSection(SolutionProperties) = preSolution
		HideSolutionNode = FALSE
	EndGlobalSection
	GlobalSection(ExtensibilityGlobals) = postSolution
		SolutionGuid = {620CAC16-BCEC-47ED-B1BD-696726DF39DA}
	EndGlobalSection
EndGlobal
